{
    "_meta": {
        "hash": {
            "sha256": "dba763fb9f3b7898ade845fdcbf229815590de31ce1254448e221e1cfb645453"
        },
        "pipfile-spec": 6,
        "requires": {
            "python_version": "3.6"
        },
        "sources": [
            {
                "name": "pypi",
                "url": "https://pypi.org/simple",
                "verify_ssl": true
            }
        ]
    },
    "default": {
        "asgiref": {
            "hashes": [
                "sha256:1d2880b792ae8757289136f1db2b7b99100ce959b2aa57fd69dab783d05afac4",
                "sha256:4a29362a6acebe09bf1d6640db38c1dc3d9217c68e6f9f6204d72667fc19a424"
            ],
            "markers": "python_version >= '3.7'",
            "version": "==3.5.2"
        },
        "django": {
            "hashes": [
                "sha256:502ae42b6ab1b612c933fb50d5ff850facf858a4c212f76946ecd8ea5b3bf2d9",
                "sha256:f7431a5de7277966f3785557c3928433347d998c1e6459324501378a291e5aab"
            ],
            "index": "pypi",
            "version": "==4.0.5"
        },
        "djangorestframework": {
            "hashes": [
                "sha256:0c33407ce23acc68eca2a6e46424b008c9c02eceb8cf18581921d0092bc1f2ee",
                "sha256:24c4bf58ed7e85d1fe4ba250ab2da926d263cd57d64b03e8dcef0ac683f8b1aa"
            ],
            "index": "pypi",
            "version": "==3.13.1"
        },
        "gunicorn": {
            "hashes": [
                "sha256:9dcc4547dbb1cb284accfb15ab5667a0e5d1881cc443e0677b4882a4067a807e",
                "sha256:e0a968b5ba15f8a328fdfd7ab1fcb5af4470c28aaf7e55df02a99bc13138e6e8"
            ],
            "index": "pypi",
            "version": "==20.1.0"
        },
        "numexpr": {
            "hashes": [
                "sha256:1639561d056d2d790a56ddab7e7df40b6181ad50338b50fba94aa42874a00958",
                "sha256:2247d92da60b85de619e797e59a80e9c7302fba82dcd0525de8f7dd729a0d60f",
                "sha256:24fb5b2c17273a76e7de9cea7817c54262198657998a093fceb4030f273524c7",
                "sha256:3bab5add6628fa8bb66fba7b1f0eed5d8d0ce05fdd2dcc326dde8a297a961c46",
                "sha256:48258db3ba89ad028744e07b09dde963f82da7f081849d3a003bb0b96b112d4f",
                "sha256:4eb79d9026f013cf8d16de8be74911c74c0c09362627bf4b39e2b7f1f3188c28",
                "sha256:517f299c4bc8491b5117aa276e8f3cf7ee2e89223922e92e2ea78a32985d5087",
                "sha256:5d0c98c4d8bcc25962e5859176e5728f69209cffb9b7f64bf6d1c801fe350946",
                "sha256:6bce8a183afe157c25385d27be314be22f06ba644c89b611d20e2570a06bd5dd",
                "sha256:79ec94295aa57f5a9d212116bb7359744cd2f9e05d477df0dee383b7f44b9588",
                "sha256:80db25e2934fd1a1b787440d5fa7946adb79a1289d7dc64e2c8bcd6ceae660ad",
                "sha256:920c6a3088790573765e103e20592864977aa4b4d1b819c298fa9d88771cde1b",
                "sha256:a591f99ecbb413749725e8da4e52e663f0939dd5fbf1ae5a7c6c50ba734f57de",
                "sha256:a97a087a5f5e56cd81c69215918fdaca60eb478a099daa757455e4ff887f7600",
                "sha256:a9f046cb5752f08a9291dc1fd37a9cfd15770262188bb984e4418490fef9c9ec",
                "sha256:ab6b2cb64bc9391f77f08203fda5af3647ed2abcefb928cc6282727854f97735",
                "sha256:b57d3ab7054409d9b4d2148241ae70d738c0b0daeb1a0efd5ea89b9279752e22",
                "sha256:bd402e43b8baf6436b7c2c14541f69eb4f97f023469585a7ad258c49622ff619",
                "sha256:cd779aa44dd986c4ef10163519239602b027be06a527946656207acf1f58113b",
                "sha256:cfd89f63028f8df3c9b11bf2c98085184f967a09f543a77c3335f4a0ec54f124",
                "sha256:d148e99483e15de22d0acd5100136d39a336e91c8f8d37bf2e84e9f0ab4c0610",
                "sha256:d2b4b6379763ec5d794d4aaa1834ae00f1bba82a36d0b99c6e2d559302a21e85",
                "sha256:d7b64b125161e722c9dc8a27df282e755bd9a5adf826b2e3e1f038e3dfdc3307",
                "sha256:da180aaec7f6c387540b251f6ec2b8d280220c0e45731778853c8b0d86c4ae22",
                "sha256:ebf31aeed426840aefe1e94c89bb0b7530a72be36444ed4c73e4411865b79be5",
                "sha256:fd6905bc80a11908e363c9821cbf8aeeca4dca5b6a2eea90a97b055bc73443e6"
            ],
            "index": "pypi",
            "version": "==2.8.1"
        },
        "numpy": {
            "hashes": [
                "sha256:0791fbd1e43bf74b3502133207e378901272f3c156c4df4954cad833b1380207",
                "sha256:1ce7ab2053e36c0a71e7a13a7475bd3b1f54750b4b433adc96313e127b870887",
                "sha256:2d487e06ecbf1dc2f18e7efce82ded4f705f4bd0cd02677ffccfb39e5c284c7e",
                "sha256:37431a77ceb9307c28382c9773da9f306435135fae6b80b62a11c53cfedd8802",
                "sha256:3e1ffa4748168e1cc8d3cde93f006fe92b5421396221a02f2274aab6ac83b077",
                "sha256:425b390e4619f58d8526b3dcf656dde069133ae5c240229821f01b5f44ea07af",
                "sha256:43a8ca7391b626b4c4fe20aefe79fec683279e31e7c79716863b4b25021e0e74",
                "sha256:4c6036521f11a731ce0648f10c18ae66d7143865f19f7299943c985cdc95afb5",
                "sha256:59d55e634968b8f77d3fd674a3cf0b96e85147cd6556ec64ade018f27e9479e1",
                "sha256:64f56fc53a2d18b1924abd15745e30d82a5782b2cab3429aceecc6875bd5add0",
                "sha256:7228ad13744f63575b3a972d7ee4fd61815b2879998e70930d4ccf9ec721dce0",
                "sha256:9ce7df0abeabe7fbd8ccbf343dc0db72f68549856b863ae3dd580255d009648e",
                "sha256:a911e317e8c826ea632205e63ed8507e0dc877dcdc49744584dfc363df9ca08c",
                "sha256:b89bf9b94b3d624e7bb480344e91f68c1c6c75f026ed6755955117de00917a7c",
                "sha256:ba9ead61dfb5d971d77b6c131a9dbee62294a932bf6a356e48c75ae684e635b3",
                "sha256:c1d937820db6e43bec43e8d016b9b3165dcb42892ea9f106c70fb13d430ffe72",
                "sha256:cc7f00008eb7d3f2489fca6f334ec19ca63e31371be28fd5dad955b16ec285bd",
                "sha256:d4c5d5eb2ec8da0b4f50c9a843393971f31f1d60be87e0fb0917a49133d257d6",
                "sha256:e96d7f3096a36c8754207ab89d4b3282ba7b49ea140e4973591852c77d09eb76",
                "sha256:f0725df166cf4785c0bc4cbfb320203182b1ecd30fee6e541c8752a92df6aa32",
                "sha256:f3eb268dbd5cfaffd9448113539e44e2dd1c5ca9ce25576f7c04a5453edc26fa",
                "sha256:fb7a980c81dd932381f8228a426df8aeb70d59bbcda2af075b627bbc50207cba"
            ],
            "markers": "python_version >= '3.8'",
            "version": "==1.22.4"
        },
        "packaging": {
            "hashes": [
                "sha256:dd47c42927d89ab911e606518907cc2d3a1f38bbd026385970643f9c5b8ecfeb",
                "sha256:ef103e05f519cdc783ae24ea4e2e0f508a9c99b2d4969652eed6a2e1ea5bd522"
            ],
            "markers": "python_version >= '3.6'",
            "version": "==21.3"
        },
        "pyparsing": {
            "hashes": [
                "sha256:2b020ecf7d21b687f219b71ecad3631f644a47f01403fa1d1036b0c6416d70fb",
                "sha256:5026bae9a10eeaefb61dab2f09052b9f4307d44aee4eda64b309723d8d206bbc"
            ],
            "markers": "python_full_version >= '3.6.8'",
            "version": "==3.0.9"
        },
        "pytz": {
            "hashes": [
                "sha256:1e760e2fe6a8163bc0b3d9a19c4f84342afa0a2affebfaa84b01b978a02ecaa7",
                "sha256:e68985985296d9a66a881eb3193b0906246245294a881e7c8afe623866ac6a5c"
            ],
            "version": "==2022.1"
        },
        "setuptools": {
            "hashes": [
                "sha256:68e45d17c9281ba25dc0104eadd2647172b3472d9e01f911efa57965e8d51a36",
                "sha256:a43bdedf853c670e5fed28e5623403bad2f73cf02f9a2774e91def6bda8265a7"
            ],
            "markers": "python_version >= '3.7'",
            "version": "==62.3.2"
        },
        "sqlparse": {
            "hashes": [
                "sha256:0c00730c74263a94e5a9919ade150dfc3b19c574389985446148402998287dae",
                "sha256:48719e356bb8b42991bdbb1e8b83223757b93789c00910a616a071910ca4a64d"
            ],
            "markers": "python_version >= '3.5'",
            "version": "==0.4.2"
        },
        "whitenoise": {
            "hashes": [
                "sha256:8e9c600a5c18bd17655ef668ad55b5edf6c24ce9bdca5bf607649ca4b1e8e2c2",
                "sha256:8fa943c6d4cd9e27673b70c21a07b0aa120873901e099cd46cab40f7cc96d567"
            ],
            "index": "pypi",
            "version": "==6.2.0"
        }
    },
    "develop": {}
}
